
Microsoft Visual Studio Solution File, Format Version 12.00
# Visual Studio Version 17
VisualStudioVersion = 17.4.33205.214
MinimumVisualStudioVersion = 10.0.40219.1
Project("{9A19103F-16F7-4668-BE54-9A1E7A4F7556}") = "MesaSV", "MesaSV.csproj", "{E0062DEA-69CE-48C2-BF31-98C26F4E1F68}"
EndProject
Project("{2150E333-8FDC-42A3-9474-1A3956D46DE8}") = "BlackJack", "BlackJack", "{E6A9E8F5-462C-4A10-A994-068193A35C5C}"
EndProject
Project("{9A19103F-16F7-4668-BE54-9A1E7A4F7556}") = "Mesa.BlackJack", "..\Mesa.Blackjack\Mesa.BlackJack.csproj", "{E87F68E2-2B25-405C-88A0-6D877A25E812}"
EndProject
Project("{9A19103F-16F7-4668-BE54-9A1E7A4F7556}") = "Mesa.BlackJack.Data", "..\Mesa.Blackjack.Data\Mesa.BlackJack.Data.csproj", "{931FBB82-1DCD-464B-93F8-F8CF097905F7}"
EndProject
Project("{9A19103F-16F7-4668-BE54-9A1E7A4F7556}") = "Mesa.BlackJack.Handlers", "..\Mesa.Blackjack.Handlers\Mesa.BlackJack.Handlers.csproj", "{32438E4A-7A16-464D-BBEE-15C9F2A60E42}"
EndProject
Project("{9A19103F-16F7-4668-BE54-9A1E7A4F7556}") = "Mesa.BlackJack.Api", "..\Mesa.Blackjack.Api\Mesa.BlackJack.Api.csproj", "{AFA690CA-CAE8-4B9D-88CE-9025185EBC64}"
EndProject
Project("{2150E333-8FDC-42A3-9474-1A3956D46DE8}") = "Users", "Users", "{A1DB6313-B8E3-4422-819E-EB391BAA390B}"
EndProject
Project("{9A19103F-16F7-4668-BE54-9A1E7A4F7556}") = "Mesa.Users", "..\Mesa.Users\Mesa.Users.csproj", "{5BB63FF9-DC49-4A03-97A2-2CC36FF11924}"
EndProject
Project("{9A19103F-16F7-4668-BE54-9A1E7A4F7556}") = "Mesa.Users.Data", "..\Mesa.Users.Data\Mesa.Users.Data.csproj", "{F2550632-46F4-4C5D-938D-D0EB7B67AF91}"
EndProject
Project("{9A19103F-16F7-4668-BE54-9A1E7A4F7556}") = "Mesa.Users.Handlers", "..\Mesa.Users.Handlers\Mesa.Users.Handlers.csproj", "{AC8FFF0B-A3E8-40FD-A4FB-7E4E0A03620A}"
EndProject
Project("{9A19103F-16F7-4668-BE54-9A1E7A4F7556}") = "Mesa.Users.Api", "..\Mesa.Users.Api\Mesa.Users.Api.csproj", "{4101EF29-29AA-45D2-BBF6-0B61B09944BE}"
EndProject
Project("{2150E333-8FDC-42A3-9474-1A3956D46DE8}") = "RealTime", "RealTime", "{69A262C0-C9CB-41A5-A26B-9AE7E613B058}"
EndProject
Project("{9A19103F-16F7-4668-BE54-9A1E7A4F7556}") = "Mesa.RealTime.Project", "..\Mesa.RealTime.Project\Mesa.RealTime.Project.csproj", "{42A37782-204F-4C58-95F2-98441628C6ED}"
EndProject
Project("{2150E333-8FDC-42A3-9474-1A3956D46DE8}") = "Web", "Web", "{3866DA41-A807-47D8-AFD6-F382B1DEFCE5}"
EndProject
Project("{9A19103F-16F7-4668-BE54-9A1E7A4F7556}") = "Mesa.Juegos.Web", "..\Mesa.Juegos.Web\Mesa.Juegos.Web.csproj", "{379C5F5E-23C0-4414-9D4E-D7B3702D72E4}"
EndProject
Project("{9A19103F-16F7-4668-BE54-9A1E7A4F7556}") = "Mesa.Juegos.Modules", "..\Mesa.Juegos.Modules\Mesa.Juegos.Modules.csproj", "{8CAE2535-353C-4E79-96E4-1BCFC7F4D788}"
EndProject
Project("{9A19103F-16F7-4668-BE54-9A1E7A4F7556}") = "Mesa.Juegos.State", "..\Mesa.Juegos.State\Mesa.Juegos.State.csproj", "{707DFD11-9A32-46A7-9E1C-BF145A48D731}"
EndProject
Project("{9A19103F-16F7-4668-BE54-9A1E7A4F7556}") = "Mesa.Juegos.State.Actions", "..\Mesa.Juegos.State.Actions\Mesa.Juegos.State.Actions.csproj", "{D1779DEF-8575-4592-8100-D70870491176}"
EndProject
Global
	GlobalSection(SolutionConfigurationPlatforms) = preSolution
		Debug|Any CPU = Debug|Any CPU
		Release|Any CPU = Release|Any CPU
	EndGlobalSection
	GlobalSection(ProjectConfigurationPlatforms) = postSolution
		{E0062DEA-69CE-48C2-BF31-98C26F4E1F68}.Debug|Any CPU.ActiveCfg = Debug|Any CPU
		{E0062DEA-69CE-48C2-BF31-98C26F4E1F68}.Debug|Any CPU.Build.0 = Debug|Any CPU
		{E0062DEA-69CE-48C2-BF31-98C26F4E1F68}.Release|Any CPU.ActiveCfg = Release|Any CPU
		{E0062DEA-69CE-48C2-BF31-98C26F4E1F68}.Release|Any CPU.Build.0 = Release|Any CPU
		{E87F68E2-2B25-405C-88A0-6D877A25E812}.Debug|Any CPU.ActiveCfg = Debug|Any CPU
		{E87F68E2-2B25-405C-88A0-6D877A25E812}.Debug|Any CPU.Build.0 = Debug|Any CPU
		{E87F68E2-2B25-405C-88A0-6D877A25E812}.Release|Any CPU.ActiveCfg = Release|Any CPU
		{E87F68E2-2B25-405C-88A0-6D877A25E812}.Release|Any CPU.Build.0 = Release|Any CPU
		{931FBB82-1DCD-464B-93F8-F8CF097905F7}.Debug|Any CPU.ActiveCfg = Debug|Any CPU
		{931FBB82-1DCD-464B-93F8-F8CF097905F7}.Debug|Any CPU.Build.0 = Debug|Any CPU
		{931FBB82-1DCD-464B-93F8-F8CF097905F7}.Release|Any CPU.ActiveCfg = Release|Any CPU
		{931FBB82-1DCD-464B-93F8-F8CF097905F7}.Release|Any CPU.Build.0 = Release|Any CPU
		{32438E4A-7A16-464D-BBEE-15C9F2A60E42}.Debug|Any CPU.ActiveCfg = Debug|Any CPU
		{32438E4A-7A16-464D-BBEE-15C9F2A60E42}.Debug|Any CPU.Build.0 = Debug|Any CPU
		{32438E4A-7A16-464D-BBEE-15C9F2A60E42}.Release|Any CPU.ActiveCfg = Release|Any CPU
		{32438E4A-7A16-464D-BBEE-15C9F2A60E42}.Release|Any CPU.Build.0 = Release|Any CPU
		{AFA690CA-CAE8-4B9D-88CE-9025185EBC64}.Debug|Any CPU.ActiveCfg = Debug|Any CPU
		{AFA690CA-CAE8-4B9D-88CE-9025185EBC64}.Debug|Any CPU.Build.0 = Debug|Any CPU
		{AFA690CA-CAE8-4B9D-88CE-9025185EBC64}.Release|Any CPU.ActiveCfg = Release|Any CPU
		{AFA690CA-CAE8-4B9D-88CE-9025185EBC64}.Release|Any CPU.Build.0 = Release|Any CPU
		{5BB63FF9-DC49-4A03-97A2-2CC36FF11924}.Debug|Any CPU.ActiveCfg = Debug|Any CPU
		{5BB63FF9-DC49-4A03-97A2-2CC36FF11924}.Debug|Any CPU.Build.0 = Debug|Any CPU
		{5BB63FF9-DC49-4A03-97A2-2CC36FF11924}.Release|Any CPU.ActiveCfg = Release|Any CPU
		{5BB63FF9-DC49-4A03-97A2-2CC36FF11924}.Release|Any CPU.Build.0 = Release|Any CPU
		{F2550632-46F4-4C5D-938D-D0EB7B67AF91}.Debug|Any CPU.ActiveCfg = Debug|Any CPU
		{F2550632-46F4-4C5D-938D-D0EB7B67AF91}.Debug|Any CPU.Build.0 = Debug|Any CPU
		{F2550632-46F4-4C5D-938D-D0EB7B67AF91}.Release|Any CPU.ActiveCfg = Release|Any CPU
		{F2550632-46F4-4C5D-938D-D0EB7B67AF91}.Release|Any CPU.Build.0 = Release|Any CPU
		{AC8FFF0B-A3E8-40FD-A4FB-7E4E0A03620A}.Debug|Any CPU.ActiveCfg = Debug|Any CPU
		{AC8FFF0B-A3E8-40FD-A4FB-7E4E0A03620A}.Debug|Any CPU.Build.0 = Debug|Any CPU
		{AC8FFF0B-A3E8-40FD-A4FB-7E4E0A03620A}.Release|Any CPU.ActiveCfg = Release|Any CPU
		{AC8FFF0B-A3E8-40FD-A4FB-7E4E0A03620A}.Release|Any CPU.Build.0 = Release|Any CPU
		{4101EF29-29AA-45D2-BBF6-0B61B09944BE}.Debug|Any CPU.ActiveCfg = Debug|Any CPU
		{4101EF29-29AA-45D2-BBF6-0B61B09944BE}.Debug|Any CPU.Build.0 = Debug|Any CPU
		{4101EF29-29AA-45D2-BBF6-0B61B09944BE}.Release|Any CPU.ActiveCfg = Release|Any CPU
		{4101EF29-29AA-45D2-BBF6-0B61B09944BE}.Release|Any CPU.Build.0 = Release|Any CPU
		{42A37782-204F-4C58-95F2-98441628C6ED}.Debug|Any CPU.ActiveCfg = Debug|Any CPU
		{42A37782-204F-4C58-95F2-98441628C6ED}.Debug|Any CPU.Build.0 = Debug|Any CPU
		{42A37782-204F-4C58-95F2-98441628C6ED}.Release|Any CPU.ActiveCfg = Release|Any CPU
		{42A37782-204F-4C58-95F2-98441628C6ED}.Release|Any CPU.Build.0 = Release|Any CPU
		{379C5F5E-23C0-4414-9D4E-D7B3702D72E4}.Debug|Any CPU.ActiveCfg = Debug|Any CPU
		{379C5F5E-23C0-4414-9D4E-D7B3702D72E4}.Debug|Any CPU.Build.0 = Debug|Any CPU
		{379C5F5E-23C0-4414-9D4E-D7B3702D72E4}.Release|Any CPU.ActiveCfg = Release|Any CPU
		{379C5F5E-23C0-4414-9D4E-D7B3702D72E4}.Release|Any CPU.Build.0 = Release|Any CPU
		{8CAE2535-353C-4E79-96E4-1BCFC7F4D788}.Debug|Any CPU.ActiveCfg = Debug|Any CPU
		{8CAE2535-353C-4E79-96E4-1BCFC7F4D788}.Debug|Any CPU.Build.0 = Debug|Any CPU
		{8CAE2535-353C-4E79-96E4-1BCFC7F4D788}.Release|Any CPU.ActiveCfg = Release|Any CPU
		{8CAE2535-353C-4E79-96E4-1BCFC7F4D788}.Release|Any CPU.Build.0 = Release|Any CPU
		{707DFD11-9A32-46A7-9E1C-BF145A48D731}.Debug|Any CPU.ActiveCfg = Debug|Any CPU
		{707DFD11-9A32-46A7-9E1C-BF145A48D731}.Debug|Any CPU.Build.0 = Debug|Any CPU
		{707DFD11-9A32-46A7-9E1C-BF145A48D731}.Release|Any CPU.ActiveCfg = Release|Any CPU
		{707DFD11-9A32-46A7-9E1C-BF145A48D731}.Release|Any CPU.Build.0 = Release|Any CPU
		{D1779DEF-8575-4592-8100-D70870491176}.Debug|Any CPU.ActiveCfg = Debug|Any CPU
		{D1779DEF-8575-4592-8100-D70870491176}.Debug|Any CPU.Build.0 = Debug|Any CPU
		{D1779DEF-8575-4592-8100-D70870491176}.Release|Any CPU.ActiveCfg = Release|Any CPU
		{D1779DEF-8575-4592-8100-D70870491176}.Release|Any CPU.Build.0 = Release|Any CPU
	EndGlobalSection
	GlobalSection(SolutionProperties) = preSolution
		HideSolutionNode = FALSE
	EndGlobalSection
	GlobalSection(NestedProjects) = preSolution
		{E87F68E2-2B25-405C-88A0-6D877A25E812} = {E6A9E8F5-462C-4A10-A994-068193A35C5C}
		{931FBB82-1DCD-464B-93F8-F8CF097905F7} = {E6A9E8F5-462C-4A10-A994-068193A35C5C}
		{32438E4A-7A16-464D-BBEE-15C9F2A60E42} = {E6A9E8F5-462C-4A10-A994-068193A35C5C}
		{AFA690CA-CAE8-4B9D-88CE-9025185EBC64} = {E6A9E8F5-462C-4A10-A994-068193A35C5C}
		{5BB63FF9-DC49-4A03-97A2-2CC36FF11924} = {A1DB6313-B8E3-4422-819E-EB391BAA390B}
		{F2550632-46F4-4C5D-938D-D0EB7B67AF91} = {A1DB6313-B8E3-4422-819E-EB391BAA390B}
		{AC8FFF0B-A3E8-40FD-A4FB-7E4E0A03620A} = {A1DB6313-B8E3-4422-819E-EB391BAA390B}
		{4101EF29-29AA-45D2-BBF6-0B61B09944BE} = {A1DB6313-B8E3-4422-819E-EB391BAA390B}
		{42A37782-204F-4C58-95F2-98441628C6ED} = {69A262C0-C9CB-41A5-A26B-9AE7E613B058}
		{379C5F5E-23C0-4414-9D4E-D7B3702D72E4} = {3866DA41-A807-47D8-AFD6-F382B1DEFCE5}
		{8CAE2535-353C-4E79-96E4-1BCFC7F4D788} = {3866DA41-A807-47D8-AFD6-F382B1DEFCE5}
		{707DFD11-9A32-46A7-9E1C-BF145A48D731} = {3866DA41-A807-47D8-AFD6-F382B1DEFCE5}
		{D1779DEF-8575-4592-8100-D70870491176} = {3866DA41-A807-47D8-AFD6-F382B1DEFCE5}
	EndGlobalSection
	GlobalSection(ExtensibilityGlobals) = postSolution
		SolutionGuid = {32C6A027-0D05-4B74-89C6-45C004F6E3B9}
	EndGlobalSection
EndGlobal
